// !$*UTF8*$!
{
	archiveVersion = 1;
	classes = {
	};
	objectVersion = 46;
	objects = {

/* Begin PBXBuildFile section */
		8462FD231E001A43008F2D37 /* ItemDetailsVC.swift in Sources */ = {isa = PBXBuildFile; fileRef = 8462FD221E001A43008F2D37 /* ItemDetailsVC.swift */; };
		8462FD251E0021DB008F2D37 /* CustomTextField.swift in Sources */ = {isa = PBXBuildFile; fileRef = 8462FD241E0021DB008F2D37 /* CustomTextField.swift */; };
		84D9BC791DFEB1E400E25B90 /* AppDelegate.swift in Sources */ = {isa = PBXBuildFile; fileRef = 84D9BC781DFEB1E400E25B90 /* AppDelegate.swift */; };
		84D9BC7B1DFEB1E400E25B90 /* MainVC.swift in Sources */ = {isa = PBXBuildFile; fileRef = 84D9BC7A1DFEB1E400E25B90 /* MainVC.swift */; };
		84D9BC7E1DFEB1E400E25B90 /* Main.storyboard in Resources */ = {isa = PBXBuildFile; fileRef = 84D9BC7C1DFEB1E400E25B90 /* Main.storyboard */; };
		84D9BC811DFEB1E400E25B90 /* DreamLister.xcdatamodeld in Sources */ = {isa = PBXBuildFile; fileRef = 84D9BC7F1DFEB1E400E25B90 /* DreamLister.xcdatamodeld */; };
		84D9BC831DFEB1E400E25B90 /* Assets.xcassets in Resources */ = {isa = PBXBuildFile; fileRef = 84D9BC821DFEB1E400E25B90 /* Assets.xcassets */; };
		84D9BC861DFEB1E400E25B90 /* LaunchScreen.storyboard in Resources */ = {isa = PBXBuildFile; fileRef = 84D9BC841DFEB1E400E25B90 /* LaunchScreen.storyboard */; };
		84D9BCD71DFEDC7400E25B90 /* Image+CoreDataClass.swift in Sources */ = {isa = PBXBuildFile; fileRef = 84D9BCCF1DFEDC7400E25B90 /* Image+CoreDataClass.swift */; };
		84D9BCD81DFEDC7400E25B90 /* Image+CoreDataProperties.swift in Sources */ = {isa = PBXBuildFile; fileRef = 84D9BCD01DFEDC7400E25B90 /* Image+CoreDataProperties.swift */; };
		84D9BCD91DFEDC7400E25B90 /* Store+CoreDataClass.swift in Sources */ = {isa = PBXBuildFile; fileRef = 84D9BCD11DFEDC7400E25B90 /* Store+CoreDataClass.swift */; };
		84D9BCDA1DFEDC7400E25B90 /* Store+CoreDataProperties.swift in Sources */ = {isa = PBXBuildFile; fileRef = 84D9BCD21DFEDC7400E25B90 /* Store+CoreDataProperties.swift */; };
		84D9BCDB1DFEDC7400E25B90 /* ItemType+CoreDataClass.swift in Sources */ = {isa = PBXBuildFile; fileRef = 84D9BCD31DFEDC7400E25B90 /* ItemType+CoreDataClass.swift */; };
		84D9BCDC1DFEDC7400E25B90 /* ItemType+CoreDataProperties.swift in Sources */ = {isa = PBXBuildFile; fileRef = 84D9BCD41DFEDC7400E25B90 /* ItemType+CoreDataProperties.swift */; };
		84D9BCDD1DFEDC7400E25B90 /* Item+CoreDataClass.swift in Sources */ = {isa = PBXBuildFile; fileRef = 84D9BCD51DFEDC7400E25B90 /* Item+CoreDataClass.swift */; };
		84D9BCDE1DFEDC7400E25B90 /* Item+CoreDataProperties.swift in Sources */ = {isa = PBXBuildFile; fileRef = 84D9BCD61DFEDC7400E25B90 /* Item+CoreDataProperties.swift */; };
		84D9BCE11DFEF15400E25B90 /* MaterialView.swift in Sources */ = {isa = PBXBuildFile; fileRef = 84D9BCE01DFEF15400E25B90 /* MaterialView.swift */; };
		84D9BCE31DFEF95600E25B90 /* ItemCell.swift in Sources */ = {isa = PBXBuildFile; fileRef = 84D9BCE21DFEF95600E25B90 /* ItemCell.swift */; };
/* End PBXBuildFile section */

/* Begin PBXFileReference section */
		8462FD221E001A43008F2D37 /* ItemDetailsVC.swift */ = {isa = PBXFileReference; fileEncoding = 4; lastKnownFileType = sourcecode.swift; path = ItemDetailsVC.swift; sourceTree = "<group>"; };
		8462FD241E0021DB008F2D37 /* CustomTextField.swift */ = {isa = PBXFileReference; fileEncoding = 4; lastKnownFileType = sourcecode.swift; path = CustomTextField.swift; sourceTree = "<group>"; };
		84D9BC751DFEB1E400E25B90 /* DreamLister.app */ = {isa = PBXFileReference; explicitFileType = wrapper.application; includeInIndex = 0; path = DreamLister.app; sourceTree = BUILT_PRODUCTS_DIR; };
		84D9BC781DFEB1E400E25B90 /* AppDelegate.swift */ = {isa = PBXFileReference; lastKnownFileType = sourcecode.swift; path = AppDelegate.swift; sourceTree = "<group>"; };
		84D9BC7A1DFEB1E400E25B90 /* MainVC.swift */ = {isa = PBXFileReference; lastKnownFileType = sourcecode.swift; path = MainVC.swift; sourceTree = "<group>"; };
		84D9BC7D1DFEB1E400E25B90 /* Base */ = {isa = PBXFileReference; lastKnownFileType = file.storyboard; name = Base; path = Base.lproj/Main.storyboard; sourceTree = "<group>"; };
		84D9BC801DFEB1E400E25B90 /* DreamLister.xcdatamodel */ = {isa = PBXFileReference; lastKnownFileType = wrapper.xcdatamodel; path = DreamLister.xcdatamodel; sourceTree = "<group>"; };
		84D9BC821DFEB1E400E25B90 /* Assets.xcassets */ = {isa = PBXFileReference; lastKnownFileType = folder.assetcatalog; path = Assets.xcassets; sourceTree = "<group>"; };
		84D9BC851DFEB1E400E25B90 /* Base */ = {isa = PBXFileReference; lastKnownFileType = file.storyboard; name = Base; path = Base.lproj/LaunchScreen.storyboard; sourceTree = "<group>"; };
		84D9BC871DFEB1E400E25B90 /* Info.plist */ = {isa = PBXFileReference; lastKnownFileType = text.plist.xml; path = Info.plist; sourceTree = "<group>"; };
		84D9BCCF1DFEDC7400E25B90 /* Image+CoreDataClass.swift */ = {isa = PBXFileReference; fileEncoding = 4; lastKnownFileType = sourcecode.swift; path = "Image+CoreDataClass.swift"; sourceTree = "<group>"; };
		84D9BCD01DFEDC7400E25B90 /* Image+CoreDataProperties.swift */ = {isa = PBXFileReference; fileEncoding = 4; lastKnownFileType = sourcecode.swift; path = "Image+CoreDataProperties.swift"; sourceTree = "<group>"; };
		84D9BCD11DFEDC7400E25B90 /* Store+CoreDataClass.swift */ = {isa = PBXFileReference; fileEncoding = 4; lastKnownFileType = sourcecode.swift; path = "Store+CoreDataClass.swift"; sourceTree = "<group>"; };
		84D9BCD21DFEDC7400E25B90 /* Store+CoreDataProperties.swift */ = {isa = PBXFileReference; fileEncoding = 4; lastKnownFileType = sourcecode.swift; path = "Store+CoreDataProperties.swift"; sourceTree = "<group>"; };
		84D9BCD31DFEDC7400E25B90 /* ItemType+CoreDataClass.swift */ = {isa = PBXFileReference; fileEncoding = 4; lastKnownFileType = sourcecode.swift; path = "ItemType+CoreDataClass.swift"; sourceTree = "<group>"; };
		84D9BCD41DFEDC7400E25B90 /* ItemType+CoreDataProperties.swift */ = {isa = PBXFileReference; fileEncoding = 4; lastKnownFileType = sourcecode.swift; path = "ItemType+CoreDataProperties.swift"; sourceTree = "<group>"; };
		84D9BCD51DFEDC7400E25B90 /* Item+CoreDataClass.swift */ = {isa = PBXFileReference; fileEncoding = 4; lastKnownFileType = sourcecode.swift; path = "Item+CoreDataClass.swift"; sourceTree = "<group>"; };
		84D9BCD61DFEDC7400E25B90 /* Item+CoreDataProperties.swift */ = {isa = PBXFileReference; fileEncoding = 4; lastKnownFileType = sourcecode.swift; path = "Item+CoreDataProperties.swift"; sourceTree = "<group>"; };
		84D9BCE01DFEF15400E25B90 /* MaterialView.swift */ = {isa = PBXFileReference; fileEncoding = 4; lastKnownFileType = sourcecode.swift; path = MaterialView.swift; sourceTree = "<group>"; };
		84D9BCE21DFEF95600E25B90 /* ItemCell.swift */ = {isa = PBXFileReference; fileEncoding = 4; lastKnownFileType = sourcecode.swift; path = ItemCell.swift; sourceTree = "<group>"; };
/* End PBXFileReference section */

/* Begin PBXFrameworksBuildPhase section */
		84D9BC721DFEB1E400E25B90 /* Frameworks */ = {
			isa = PBXFrameworksBuildPhase;
			buildActionMask = 2147483647;
			files = (
			);
			runOnlyForDeploymentPostprocessing = 0;
		};
/* End PBXFrameworksBuildPhase section */

/* Begin PBXGroup section */
		8462FD211E0019E7008F2D37 /* Controller */ = {
			isa = PBXGroup;
			children = (
				8462FD221E001A43008F2D37 /* ItemDetailsVC.swift */,
			);
			name = Controller;
			sourceTree = "<group>";
		};
		84D9BC6C1DFEB1E300E25B90 = {
			isa = PBXGroup;
			children = (
				84D9BC771DFEB1E400E25B90 /* DreamLister */,
				84D9BC761DFEB1E400E25B90 /* Products */,
			);
			sourceTree = "<group>";
		};
		84D9BC761DFEB1E400E25B90 /* Products */ = {
			isa = PBXGroup;
			children = (
				84D9BC751DFEB1E400E25B90 /* DreamLister.app */,
			);
			name = Products;
			sourceTree = "<group>";
		};
		84D9BC771DFEB1E400E25B90 /* DreamLister */ = {
			isa = PBXGroup;
			children = (
				84D9BCDF1DFEF10900E25B90 /* View */,
				84D9BC9D1DFEBBC100E25B90 /* Model */,
				8462FD211E0019E7008F2D37 /* Controller */,
				84D9BC781DFEB1E400E25B90 /* AppDelegate.swift */,
				84D9BC7A1DFEB1E400E25B90 /* MainVC.swift */,
				84D9BC7C1DFEB1E400E25B90 /* Main.storyboard */,
				84D9BC821DFEB1E400E25B90 /* Assets.xcassets */,
				84D9BC841DFEB1E400E25B90 /* LaunchScreen.storyboard */,
				84D9BC871DFEB1E400E25B90 /* Info.plist */,
				84D9BC7F1DFEB1E400E25B90 /* DreamLister.xcdatamodeld */,
			);
			path = DreamLister;
			sourceTree = "<group>";
		};
		84D9BC9D1DFEBBC100E25B90 /* Model */ = {
			isa = PBXGroup;
			children = (
				84D9BCCF1DFEDC7400E25B90 /* Image+CoreDataClass.swift */,
				84D9BCD11DFEDC7400E25B90 /* Store+CoreDataClass.swift */,
				84D9BCD31DFEDC7400E25B90 /* ItemType+CoreDataClass.swift */,
				84D9BCD51DFEDC7400E25B90 /* Item+CoreDataClass.swift */,
				84D9BC9E1DFEBBE100E25B90 /* Generated */,
			);
			name = Model;
			sourceTree = "<group>";
		};
		84D9BC9E1DFEBBE100E25B90 /* Generated */ = {
			isa = PBXGroup;
			children = (
				84D9BCD01DFEDC7400E25B90 /* Image+CoreDataProperties.swift */,
				84D9BCD21DFEDC7400E25B90 /* Store+CoreDataProperties.swift */,
				84D9BCD41DFEDC7400E25B90 /* ItemType+CoreDataProperties.swift */,
				84D9BCD61DFEDC7400E25B90 /* Item+CoreDataProperties.swift */,
			);
			name = Generated;
			sourceTree = "<group>";
		};
		84D9BCDF1DFEF10900E25B90 /* View */ = {
			isa = PBXGroup;
			children = (
				84D9BCE01DFEF15400E25B90 /* MaterialView.swift */,
				84D9BCE21DFEF95600E25B90 /* ItemCell.swift */,
				8462FD241E0021DB008F2D37 /* CustomTextField.swift */,
			);
			name = View;
			sourceTree = "<group>";
		};
/* End PBXGroup section */

/* Begin PBXNativeTarget section */
		84D9BC741DFEB1E400E25B90 /* DreamLister */ = {
			isa = PBXNativeTarget;
			buildConfigurationList = 84D9BC8A1DFEB1E400E25B90 /* Build configuration list for PBXNativeTarget "DreamLister" */;
			buildPhases = (
				84D9BC711DFEB1E400E25B90 /* Sources */,
				84D9BC721DFEB1E400E25B90 /* Frameworks */,
				84D9BC731DFEB1E400E25B90 /* Resources */,
			);
			buildRules = (
			);
			dependencies = (
			);
			name = DreamLister;
			productName = DreamLister;
			productReference = 84D9BC751DFEB1E400E25B90 /* DreamLister.app */;
			productType = "com.apple.product-type.application";
		};
/* End PBXNativeTarget section */

/* Begin PBXProject section */
		84D9BC6D1DFEB1E300E25B90 /* Project object */ = {
			isa = PBXProject;
			attributes = {
				LastSwiftUpdateCheck = 0810;
				LastUpgradeCheck = 0810;
				ORGANIZATIONNAME = 50wise;
				TargetAttributes = {
					84D9BC741DFEB1E400E25B90 = {
						CreatedOnToolsVersion = 8.1;
						DevelopmentTeam = SAB8T62NG9;
						ProvisioningStyle = Automatic;
					};
				};
			};
			buildConfigurationList = 84D9BC701DFEB1E400E25B90 /* Build configuration list for PBXProject "DreamLister" */;
			compatibilityVersion = "Xcode 3.2";
			developmentRegion = English;
			hasScannedForEncodings = 0;
			knownRegions = (
				en,
				Base,
			);
			mainGroup = 84D9BC6C1DFEB1E300E25B90;
			productRefGroup = 84D9BC761DFEB1E400E25B90 /* Products */;
			projectDirPath = "";
			projectRoot = "";
			targets = (
				84D9BC741DFEB1E400E25B90 /* DreamLister */,
			);
		};
/* End PBXProject section */

/* Begin PBXResourcesBuildPhase section */
		84D9BC731DFEB1E400E25B90 /* Resources */ = {
			isa = PBXResourcesBuildPhase;
			buildActionMask = 2147483647;
			files = (
				84D9BC861DFEB1E400E25B90 /* LaunchScreen.storyboard in Resources */,
				84D9BC831DFEB1E400E25B90 /* Assets.xcassets in Resources */,
				84D9BC7E1DFEB1E400E25B90 /* Main.storyboard in Resources */,
			);
			runOnlyForDeploymentPostprocessing = 0;
		};
/* End PBXResourcesBuildPhase section */

/* Begin PBXSourcesBuildPhase section */
		84D9BC711DFEB1E400E25B90 /* Sources */ = {
			isa = PBXSourcesBuildPhase;
			buildActionMask = 2147483647;
			files = (
				84D9BCE31DFEF95600E25B90 /* ItemCell.swift in Sources */,
				84D9BCDD1DFEDC7400E25B90 /* Item+CoreDataClass.swift in Sources */,
				84D9BC7B1DFEB1E400E25B90 /* MainVC.swift in Sources */,
				84D9BCD91DFEDC7400E25B90 /* Store+CoreDataClass.swift in Sources */,
				84D9BCE11DFEF15400E25B90 /* MaterialView.swift in Sources */,
				84D9BCDC1DFEDC7400E25B90 /* ItemType+CoreDataProperties.swift in Sources */,
				84D9BCD81DFEDC7400E25B90 /* Image+CoreDataProperties.swift in Sources */,
				84D9BC791DFEB1E400E25B90 /* AppDelegate.swift in Sources */,
				8462FD231E001A43008F2D37 /* ItemDetailsVC.swift in Sources */,
				84D9BCDB1DFEDC7400E25B90 /* ItemType+CoreDataClass.swift in Sources */,
				84D9BCDA1DFEDC7400E25B90 /* Store+CoreDataProperties.swift in Sources */,
				84D9BC811DFEB1E400E25B90 /* DreamLister.xcdatamodeld in Sources */,
				84D9BCDE1DFEDC7400E25B90 /* Item+CoreDataProperties.swift in Sources */,
				84D9BCD71DFEDC7400E25B90 /* Image+CoreDataClass.swift in Sources */,
				8462FD251E0021DB008F2D37 /* CustomTextField.swift in Sources */,
			);
			runOnlyForDeploymentPostprocessing = 0;
		};
/* End PBXSourcesBuildPhase section */

/* Begin PBXVariantGroup section */
		84D9BC7C1DFEB1E400E25B90 /* Main.storyboard */ = {
			isa = PBXVariantGroup;
			children = (
				84D9BC7D1DFEB1E400E25B90 /* Base */,
			);
			name = Main.storyboard;
			sourceTree = "<group>";
		};
		84D9BC841DFEB1E400E25B90 /* LaunchScreen.storyboard */ = {
			isa = PBXVariantGroup;
			children = (
				84D9BC851DFEB1E400E25B90 /* Base */,
			);
			name = LaunchScreen.storyboard;
			sourceTree = "<group>";
		};
/* End PBXVariantGroup section */

/* Begin XCBuildConfiguration section */
		84D9BC881DFEB1E400E25B90 /* Debug */ = {
			isa = XCBuildConfiguration;
			buildSettings = {
				ALWAYS_SEARCH_USER_PATHS = NO;
				CLANG_ANALYZER_NONNULL = YES;
				CLANG_CXX_LANGUAGE_STANDARD = "gnu++0x";
				CLANG_CXX_LIBRARY = "libc++";
				CLANG_ENABLE_MODULES = YES;
				CLANG_ENABLE_OBJC_ARC = YES;
				CLANG_WARN_BOOL_CONVERSION = YES;
				CLANG_WARN_CONSTANT_CONVERSION = YES;
				CLANG_WARN_DIRECT_OBJC_ISA_USAGE = YES_ERROR;
				CLANG_WARN_DOCUMENTATION_COMMENTS = YES;
				CLANG_WARN_EMPTY_BODY = YES;
				CLANG_WARN_ENUM_CONVERSION = YES;
				CLANG_WARN_INFINITE_RECURSION = YES;
				CLANG_WARN_INT_CONVERSION = YES;
				CLANG_WARN_OBJC_ROOT_CLASS = YES_ERROR;
				CLANG_WARN_SUSPICIOUS_MOVES = YES;
				CLANG_WARN_UNREACHABLE_CODE = YES;
				CLANG_WARN__DUPLICATE_METHOD_MATCH = YES;
				"CODE_SIGN_IDENTITY[sdk=iphoneos*]" = "iPhone Developer";
				COPY_PHASE_STRIP = NO;
				DEBUG_INFORMATION_FORMAT = dwarf;
				ENABLE_STRICT_OBJC_MSGSEND = YES;
				ENABLE_TESTABILITY = YES;
				GCC_C_LANGUAGE_STANDARD = gnu99;
				GCC_DYNAMIC_NO_PIC = NO;
				GCC_NO_COMMON_BLOCKS = YES;
				GCC_OPTIMIZATION_LEVEL = 0;
				GCC_PREPROCESSOR_DEFINITIONS = (
					"DEBUG=1",
					"$(inherited)",
				);
				GCC_WARN_64_TO_32_BIT_CONVERSION = YES;
				GCC_WARN_ABOUT_RETURN_TYPE = YES_ERROR;
				GCC_WARN_UNDECLARED_SELECTOR = YES;
				GCC_WARN_UNINITIALIZED_AUTOS = YES_AGGRESSIVE;
				GCC_WARN_UNUSED_FUNCTION = YES;
				GCC_WARN_UNUSED_VARIABLE = YES;
				IPHONEOS_DEPLOYMENT_TARGET = 10.1;
				MTL_ENABLE_DEBUG_INFO = YES;
				ONLY_ACTIVE_ARCH = YES;
				SDKROOT = iphoneos;
				SWIFT_ACTIVE_COMPILATION_CONDITIONS = DEBUG;
				SWIFT_OPTIMIZATION_LEVEL = "-Onone";
			};
			name = Debug;
		};
		84D9BC891DFEB1E400E25B90 /* Release */ = {
			isa = XCBuildConfiguration;
			buildSettings = {
				ALWAYS_SEARCH_USER_PATHS = NO;
				CLANG_ANALYZER_NONNULL = YES;
				CLANG_CXX_LANGUAGE_STANDARD = "gnu++0x";
				CLANG_CXX_LIBRARY = "libc++";
				CLANG_ENABLE_MODULES = YES;
				CLANG_ENABLE_OBJC_ARC = YES;
				CLANG_WARN_BOOL_CONVERSION = YES;
				CLANG_WARN_CONSTANT_CONVERSION = YES;
				CLANG_WARN_DIRECT_OBJC_ISA_USAGE = YES_ERROR;
				CLANG_WARN_DOCUMENTATION_COMMENTS = YES;
				CLANG_WARN_EMPTY_BODY = YES;
				CLANG_WARN_ENUM_CONVERSION = YES;
				CLANG_WARN_INFINITE_RECURSION = YES;
				CLANG_WARN_INT_CONVERSION = YES;
				CLANG_WARN_OBJC_ROOT_CLASS = YES_ERROR;
				CLANG_WARN_SUSPICIOUS_MOVES = YES;
				CLANG_WARN_UNREACHABLE_CODE = YES;
				CLANG_WARN__DUPLICATE_METHOD_MATCH = YES;
				"CODE_SIGN_IDENTITY[sdk=iphoneos*]" = "iPhone Developer";
				COPY_PHASE_STRIP = NO;
				DEBUG_INFORMATION_FORMAT = "dwarf-with-dsym";
				ENABLE_NS_ASSERTIONS = NO;
				ENABLE_STRICT_OBJC_MSGSEND = YES;
				GCC_C_LANGUAGE_STANDARD = gnu99;
				GCC_NO_COMMON_BLOCKS = YES;
				GCC_WARN_64_TO_32_BIT_CONVERSION = YES;
				GCC_WARN_ABOUT_RETURN_TYPE = YES_ERROR;
				GCC_WARN_UNDECLARED_SELECTOR = YES;
				GCC_WARN_UNINITIALIZED_AUTOS = YES_AGGRESSIVE;
				GCC_WARN_UNUSED_FUNCTION = YES;
				GCC_WARN_UNUSED_VARIABLE = YES;
				IPHONEOS_DEPLOYMENT_TARGET = 10.1;
				MTL_ENABLE_DEBUG_INFO = NO;
				SDKROOT = iphoneos;
				SWIFT_OPTIMIZATION_LEVEL = "-Owholemodule";
				VALIDATE_PRODUCT = YES;
			};
			name = Release;
		};
		84D9BC8B1DFEB1E400E25B90 /* Debug */ = {
			isa = XCBuildConfiguration;
			buildSettings = {
				ASSETCATALOG_COMPILER_APPICON_NAME = AppIcon;
				DEVELOPMENT_TEAM = SAB8T62NG9;
				INFOPLIST_FILE = DreamLister/Info.plist;
				LD_RUNPATH_SEARCH_PATHS = "$(inherited) @executable_path/Frameworks";
				PRODUCT_BUNDLE_IDENTIFIER = com.50wise.DreamLister;
				PRODUCT_NAME = "$(TARGET_NAME)";
				SWIFT_VERSION = 3.0;
			};
			name = Debug;
		};
		84D9BC8C1DFEB1E400E25B90 /* Release */ = {
			isa = XCBuildConfiguration;
			buildSettings = {
				ASSETCATALOG_COMPILER_APPICON_NAME = AppIcon;
				DEVELOPMENT_TEAM = SAB8T62NG9;
				INFOPLIST_FILE = DreamLister/Info.plist;
				LD_RUNPATH_SEARCH_PATHS = "$(inherited) @executable_path/Frameworks";
				PRODUCT_BUNDLE_IDENTIFIER = com.50wise.DreamLister;
				PRODUCT_NAME = "$(TARGET_NAME)";
				SWIFT_VERSION = 3.0;
			};
			name = Release;
		};
/* End XCBuildConfiguration section */

/* Begin XCConfigurationList section */
		84D9BC701DFEB1E400E25B90 /* Build configuration list for PBXProject "DreamLister" */ = {
			isa = XCConfigurationList;
			buildConfigurations = (
				84D9BC881DFEB1E400E25B90 /* Debug */,
				84D9BC891DFEB1E400E25B90 /* Release */,
			);
			defaultConfigurationIsVisible = 0;
			defaultConfigurationName = Release;
		};
		84D9BC8A1DFEB1E400E25B90 /* Build configuration list for PBXNativeTarget "DreamLister" */ = {
			isa = XCConfigurationList;
			buildConfigurations = (
				84D9BC8B1DFEB1E400E25B90 /* Debug */,
				84D9BC8C1DFEB1E400E25B90 /* Release */,
			);
			defaultConfigurationIsVisible = 0;
			defaultConfigurationName = Release;
		};
/* End XCConfigurationList section */

/* Begin XCVersionGroup section */
		84D9BC7F1DFEB1E400E25B90 /* DreamLister.xcdatamodeld */ = {
			isa = XCVersionGroup;
			children = (
				84D9BC801DFEB1E400E25B90 /* DreamLister.xcdatamodel */,
			);
			currentVersion = 84D9BC801DFEB1E400E25B90 /* DreamLister.xcdatamodel */;
			path = DreamLister.xcdatamodeld;
			sourceTree = "<group>";
			versionGroupType = wrapper.xcdatamodel;
		};
/* End XCVersionGroup section */
	};
	rootObject = 84D9BC6D1DFEB1E300E25B90 /* Project object */;
}
